
Microsoft Visual Studio Solution File, Format Version 12.00
# Visual Studio Version 17
VisualStudioVersion = 17.2.32505.173
MinimumVisualStudioVersion = 10.0.40219.1
Project("{FAE04EC0-301F-11D3-BF4B-00C04F79EFBC}") = "AlertsDemo", "AlertsDemo\AlertsDemo.csproj", "{5492D455-AE14-4CAF-8954-4B6E76EFDBE8}"
EndProject
Global
	GlobalSection(SolutionConfigurationPlatforms) = preSolution
		Debug|Any CPU = Debug|Any CPU
		Release|Any CPU = Release|Any CPU
	EndGlobalSection
	GlobalSection(ProjectConfigurationPlatforms) = postSolution
		{5492D455-AE14-4CAF-8954-4B6E76EFDBE8}.Debug|Any CPU.ActiveCfg = Debug|Any CPU
		{5492D455-AE14-4CAF-8954-4B6E76EFDBE8}.Debug|Any CPU.Build.0 = Debug|Any CPU
		{5492D455-AE14-4CAF-8954-4B6E76EFDBE8}.Release|Any CPU.ActiveCfg = Release|Any CPU
		{5492D455-AE14-4CAF-8954-4B6E76EFDBE8}.Release|Any CPU.Build.0 = Release|Any CPU
	EndGlobalSection
	GlobalSection(SolutionProperties) = preSolution
		HideSolutionNode = FALSE
	EndGlobalSection
	GlobalSection(ExtensibilityGlobals) = postSolution
		SolutionGuid = {E0F56285-B5D6-4DEB-8D80-F059BA887D95}
	EndGlobalSection
EndGlobal
