
Microsoft Visual Studio Solution File, Format Version 12.00
# Visual Studio Version 17
VisualStudioVersion = 17.2.32505.173
MinimumVisualStudioVersion = 10.0.40219.1
Project("{FAE04EC0-301F-11D3-BF4B-00C04F79EFBC}") = "ReadExcel", "ReadExcel\ReadExcel.csproj", "{344A1311-F726-46D2-BF37-76D7375BDA9F}"
EndProject
Global
	GlobalSection(SolutionConfigurationPlatforms) = preSolution
		Debug|Any CPU = Debug|Any CPU
		Release|Any CPU = Release|Any CPU
	EndGlobalSection
	GlobalSection(ProjectConfigurationPlatforms) = postSolution
		{344A1311-F726-46D2-BF37-76D7375BDA9F}.Debug|Any CPU.ActiveCfg = Debug|Any CPU
		{344A1311-F726-46D2-BF37-76D7375BDA9F}.Debug|Any CPU.Build.0 = Debug|Any CPU
		{344A1311-F726-46D2-BF37-76D7375BDA9F}.Release|Any CPU.ActiveCfg = Release|Any CPU
		{344A1311-F726-46D2-BF37-76D7375BDA9F}.Release|Any CPU.Build.0 = Release|Any CPU
	EndGlobalSection
	GlobalSection(SolutionProperties) = preSolution
		HideSolutionNode = FALSE
	EndGlobalSection
	GlobalSection(ExtensibilityGlobals) = postSolution
		SolutionGuid = {100BE9B5-CB85-459B-949F-CA15DFA81A90}
	EndGlobalSection
EndGlobal
